
Microsoft Visual Studio Solution File, Format Version 12.00
# Visual Studio Version 17
VisualStudioVersion = 17.10.35122.118
MinimumVisualStudioVersion = 10.0.40219.1
Project("{8BC9CEB8-8B4A-11D0-8D11-00A0C91BC942}") = "SolarSimOpenGL", "SolarSimOpenGL.vcxproj", "{31F6A0AA-73DE-4CF6-991E-EBC517BA5C52}"
EndProject
Global
	GlobalSection(SolutionConfigurationPlatforms) = preSolution
		Debug|x64 = Debug|x64
		Debug|x86 = Debug|x86
		Release|x64 = Release|x64
		Release|x86 = Release|x86
	EndGlobalSection
	GlobalSection(ProjectConfigurationPlatforms) = postSolution
		{31F6A0AA-73DE-4CF6-991E-EBC517BA5C52}.Debug|x64.ActiveCfg = Debug|x64
		{31F6A0AA-73DE-4CF6-991E-EBC517BA5C52}.Debug|x64.Build.0 = Debug|x64
		{31F6A0AA-73DE-4CF6-991E-EBC517BA5C52}.Debug|x86.ActiveCfg = Debug|Win32
		{31F6A0AA-73DE-4CF6-991E-EBC517BA5C52}.Debug|x86.Build.0 = Debug|Win32
		{31F6A0AA-73DE-4CF6-991E-EBC517BA5C52}.Release|x64.ActiveCfg = Release|x64
		{31F6A0AA-73DE-4CF6-991E-EBC517BA5C52}.Release|x64.Build.0 = Release|x64
		{31F6A0AA-73DE-4CF6-991E-EBC517BA5C52}.Release|x86.ActiveCfg = Release|Win32
		{31F6A0AA-73DE-4CF6-991E-EBC517BA5C52}.Release|x86.Build.0 = Release|Win32
	EndGlobalSection
	GlobalSection(SolutionProperties) = preSolution
		HideSolutionNode = FALSE
	EndGlobalSection
	GlobalSection(ExtensibilityGlobals) = postSolution
		SolutionGuid = {E263DA35-8BAA-438F-A88E-FB15D99389AF}
	EndGlobalSection
EndGlobal
